{
  "nodes": {
    "nixpkgs-unstable": {
      "locked": {
        "lastModified": 1640233012,
        "narHash": "sha256-DNKMmWZ/RLoh5IVJLAa5HYOy4IW28mBBYDMgMxzzom8=",
        "owner": "nixos",
        "repo": "nixpkgs",
        "rev": "611f29bedadfb2aa4c9c26c4af65f05dd35f2f3f",
        "type": "github"
      },
      "original": {
        "owner": "nixos",
        "ref": "nixos-unstable",
        "repo": "nixpkgs",
        "type": "github"
      }
    },
    "root": {
      "inputs": {
        "nixpkgs-unstable": "nixpkgs-unstable"
      }
    }
  },
  "root": "root",
  "version": 7
}
